<?xml version="1.0" encoding="utf-8"?>
<Project ToolsVersion="4.0" xmlns="http://schemas.microsoft.com/developer/msbuild/2003">
  <ItemGroup>
    <Filter Include="Source Files">
      <UniqueIdentifier>{4FC737F1-C7A5-4376-A066-2A32D752A2FF}</UniqueIdentifier>
      <Extensions>cpp;c;cc;cxx;def;odl;idl;hpj;bat;asm;asmx</Extensions>
    </Filter>
    <Filter Include="Header Files">
      <UniqueIdentifier>{93995380-89BD-4b04-88EB-625FBE52EBFB}</UniqueIdentifier>
      <Extensions>h;hpp;hxx;hm;inl;inc;xsd</Extensions>
    </Filter>
    <Filter Include="Resource Files">
      <UniqueIdentifier>{67DA6AB6-F800-4c08-8B7A-83BB121AAD01}</UniqueIdentifier>
      <Extensions>rc;ico;cur;bmp;dlg;rc2;rct;bin;rgs;gif;jpg;jpeg;jpe;resx;tiff;tif;png;wav;mfcribbon-ms</Extensions>
    </Filter>
  </ItemGroup>
  <ItemGroup>
    <Image Include="earth.bmp">
      <Filter>Resource Files</Filter>
    </Image>
    <Image Include="test.bmp">
      <Filter>Resource Files</Filter>
    </Image>
    <Image Include="wall.bmp">
      <Filter>Resource Files</Filter>
    </Image>
    <Image Include="wood-Sphere.bmp">
      <Filter>Resource Files</Filter>
    </Image>
    <Image Include="..\..\..\..\Desktop\eye.bmp">
      <Filter>Resource Files</Filter>
    </Image>
    <Image Include="feather.bmp">
      <Filter>Resource Files</Filter>
    </Image>
    <Image Include="dirt1.bmp">
      <Filter>Resource Files</Filter>
    </Image>
    <Image Include="pipe1.bmp">
      <Filter>Resource Files</Filter>
    </Image>
    <Image Include="pipe2.bmp">
      <Filter>Resource Files</Filter>
    </Image>
    <Image Include="pipe3.bmp">
      <Filter>Resource Files</Filter>
    </Image>
    <Image Include="sky1.bmp">
      <Filter>Resource Files</Filter>
    </Image>
    <Image Include="sky2.bmp">
      <Filter>Resource Files</Filter>
    </Image>
  </ItemGroup>
  <ItemGroup>
    <ClCompile Include="Pyramid.cpp">
      <Filter>Source Files</Filter>
    </ClCompile>
    <ClCompile Include="FlappyBird.cpp">
      <Filter>Source Files</Filter>
    </ClCompile>
    <ClCompile Include="Bird.cpp">
      <Filter>Source Files</Filter>
    </ClCompile>
    <ClCompile Include="BirdController.cpp">
      <Filter>Source Files</Filter>
    </ClCompile>
    <ClCompile Include="WingController.cpp">
      <Filter>Source Files</Filter>
    </ClCompile>
    <ClCompile Include="PipeController.cpp">
      <Filter>Source Files</Filter>
    </ClCompile>
    <ClCompile Include="Pipe.cpp">
      <Filter>Source Files</Filter>
    </ClCompile>
  </ItemGroup>
  <ItemGroup>
    <None Include="pcVsUniViewProj.vert" />
    <None Include="pfixed-function-shared-lighting-phong.frag" />
  </ItemGroup>
  <ItemGroup>
    <ClInclude Include="Pyramid.h">
      <Filter>Header Files</Filter>
    </ClInclude>
    <ClInclude Include="Bird.h">
      <Filter>Header Files</Filter>
    </ClInclude>
    <ClInclude Include="BirdController.h">
      <Filter>Header Files</Filter>
    </ClInclude>
    <ClInclude Include="WingController.h">
      <Filter>Header Files</Filter>
    </ClInclude>
    <ClInclude Include="PipeController.h">
      <Filter>Header Files</Filter>
    </ClInclude>
    <ClInclude Include="Pipe.h">
      <Filter>Header Files</Filter>
    </ClInclude>
    <ClInclude Include="Constants.h">
      <Filter>Header Files</Filter>
    </ClInclude>
    <ClInclude Include="font.h">
      <Filter>Header Files</Filter>
    </ClInclude>
  </ItemGroup>
  <ItemGroup>
    <Media Include="flap.wav">
      <Filter>Resource Files</Filter>
    </Media>
    <Media Include="hit.wav">
      <Filter>Resource Files</Filter>
    </Media>
    <Media Include="score.wav">
      <Filter>Resource Files</Filter>
    </Media>
  </ItemGroup>
</Project>